{
  "requires": true,
  "lockfileVersion": 1,
  "dependencies": {
    "lodash": {
      "version": "4.17.20",
      "resolved": "https://registry.npmjs.org/lodash/-/lodash-4.17.20.tgz",
      "integrity": "sha512-PlhdFcillOINfeV7Ni6oF1TAEayyZBoZ8bcshTHqOYJYlrqzRK5hagpagky5o4HfCzzd1TRkXPMFq6cKk9rGmA=="
    },
    "lodash.dropwhile": {
      "version": "4.6.0",
      "resolved": "https://registry.npmjs.org/lodash.dropwhile/-/lodash.dropwhile-4.6.0.tgz",
      "integrity": "sha1-Rqg6SWfOfztOL4xWLNH4r2knOEQ="
    }
  }
}
